
Microsoft Visual Studio Solution File, Format Version 12.00
# Visual Studio 14
VisualStudioVersion = 14.0.24627.0
MinimumVisualStudioVersion = 10.0.40219.1
Project("{2150E333-8FDC-42A3-9474-1A3956D46DE8}") = "Library", "Library", "{C92452BF-1FD0-4795-B695-2C096B6D3D75}"
EndProject
Project("{2150E333-8FDC-42A3-9474-1A3956D46DE8}") = "KendoMvc", "KendoMvc", "{FE5ECC16-FE06-4ABB-B9FB-27F5BB68F19B}"
EndProject
Project("{FAE04EC0-301F-11D3-BF4B-00C04F79EFBC}") = "IranSoftjo.Core", "..\IranSoftjo.Library\IranSoftjo.Core\IranSoftjo.Core.csproj", "{D1A46CA8-C2E2-4A45-9C35-0DE45AA1D514}"
EndProject
Project("{FAE04EC0-301F-11D3-BF4B-00C04F79EFBC}") = "IranSoftjo.Common", "..\IranSoftjo.Library\IranSoftjo.Common\IranSoftjo.Common.csproj", "{F89C4922-0AC9-440A-8FAA-BEC674638314}"
EndProject
Project("{FAE04EC0-301F-11D3-BF4B-00C04F79EFBC}") = "Kendo.Mvc", "..\Kendo.Mvc\Kendo.Mvc\Kendo.Mvc.csproj", "{A7F7C110-D7F0-49B7-8DDA-FD2D1CC6F3B1}"
EndProject
Project("{FAE04EC0-301F-11D3-BF4B-00C04F79EFBC}") = "IranSoftjo.MvcPaging", "..\IranSoftjo.Library\IranSoftjo.MvcPaging\IranSoftjo.MvcPaging.csproj", "{AAF30968-1118-4937-B392-E9863EA8D76D}"
EndProject
Project("{FAE04EC0-301F-11D3-BF4B-00C04F79EFBC}") = "IranSoftjo.Package.DataModel", "IranSoftjo.Package.DataModel\IranSoftjo.Package.DataModel.csproj", "{AD6752A8-8DBC-4432-A42C-EB8A6335CA1E}"
EndProject
Project("{FAE04EC0-301F-11D3-BF4B-00C04F79EFBC}") = "IranSoftjo.Package.WebUi.Sic", "IranSoftjo.Package.WebUi\IranSoftjo.Package.WebUi.Sic.csproj", "{1FCF4B2D-2224-4617-A901-321B5E437EAE}"
EndProject
Global
	GlobalSection(SolutionConfigurationPlatforms) = preSolution
		Debug|Any CPU = Debug|Any CPU
		Debug-MVC3|Any CPU = Debug-MVC3|Any CPU
		Debug-MVC5|Any CPU = Debug-MVC5|Any CPU
		Release|Any CPU = Release|Any CPU
		Release-MVC3|Any CPU = Release-MVC3|Any CPU
		Release-MVC5|Any CPU = Release-MVC5|Any CPU
	EndGlobalSection
	GlobalSection(ProjectConfigurationPlatforms) = postSolution
		{D1A46CA8-C2E2-4A45-9C35-0DE45AA1D514}.Debug|Any CPU.ActiveCfg = Debug|Any CPU
		{D1A46CA8-C2E2-4A45-9C35-0DE45AA1D514}.Debug|Any CPU.Build.0 = Debug|Any CPU
		{D1A46CA8-C2E2-4A45-9C35-0DE45AA1D514}.Debug-MVC3|Any CPU.ActiveCfg = Debug|Any CPU
		{D1A46CA8-C2E2-4A45-9C35-0DE45AA1D514}.Debug-MVC3|Any CPU.Build.0 = Debug|Any CPU
		{D1A46CA8-C2E2-4A45-9C35-0DE45AA1D514}.Debug-MVC5|Any CPU.ActiveCfg = Debug|Any CPU
		{D1A46CA8-C2E2-4A45-9C35-0DE45AA1D514}.Debug-MVC5|Any CPU.Build.0 = Debug|Any CPU
		{D1A46CA8-C2E2-4A45-9C35-0DE45AA1D514}.Release|Any CPU.ActiveCfg = Release|Any CPU
		{D1A46CA8-C2E2-4A45-9C35-0DE45AA1D514}.Release|Any CPU.Build.0 = Release|Any CPU
		{D1A46CA8-C2E2-4A45-9C35-0DE45AA1D514}.Release-MVC3|Any CPU.ActiveCfg = Release|Any CPU
		{D1A46CA8-C2E2-4A45-9C35-0DE45AA1D514}.Release-MVC3|Any CPU.Build.0 = Release|Any CPU
		{D1A46CA8-C2E2-4A45-9C35-0DE45AA1D514}.Release-MVC5|Any CPU.ActiveCfg = Release|Any CPU
		{D1A46CA8-C2E2-4A45-9C35-0DE45AA1D514}.Release-MVC5|Any CPU.Build.0 = Release|Any CPU
		{F89C4922-0AC9-440A-8FAA-BEC674638314}.Debug|Any CPU.ActiveCfg = Debug|Any CPU
		{F89C4922-0AC9-440A-8FAA-BEC674638314}.Debug|Any CPU.Build.0 = Debug|Any CPU
		{F89C4922-0AC9-440A-8FAA-BEC674638314}.Debug-MVC3|Any CPU.ActiveCfg = Debug|Any CPU
		{F89C4922-0AC9-440A-8FAA-BEC674638314}.Debug-MVC3|Any CPU.Build.0 = Debug|Any CPU
		{F89C4922-0AC9-440A-8FAA-BEC674638314}.Debug-MVC5|Any CPU.ActiveCfg = Debug|Any CPU
		{F89C4922-0AC9-440A-8FAA-BEC674638314}.Debug-MVC5|Any CPU.Build.0 = Debug|Any CPU
		{F89C4922-0AC9-440A-8FAA-BEC674638314}.Release|Any CPU.ActiveCfg = Release|Any CPU
		{F89C4922-0AC9-440A-8FAA-BEC674638314}.Release|Any CPU.Build.0 = Release|Any CPU
		{F89C4922-0AC9-440A-8FAA-BEC674638314}.Release-MVC3|Any CPU.ActiveCfg = Release|Any CPU
		{F89C4922-0AC9-440A-8FAA-BEC674638314}.Release-MVC3|Any CPU.Build.0 = Release|Any CPU
		{F89C4922-0AC9-440A-8FAA-BEC674638314}.Release-MVC5|Any CPU.ActiveCfg = Release|Any CPU
		{F89C4922-0AC9-440A-8FAA-BEC674638314}.Release-MVC5|Any CPU.Build.0 = Release|Any CPU
		{A7F7C110-D7F0-49B7-8DDA-FD2D1CC6F3B1}.Debug|Any CPU.ActiveCfg = Debug|Any CPU
		{A7F7C110-D7F0-49B7-8DDA-FD2D1CC6F3B1}.Debug|Any CPU.Build.0 = Debug|Any CPU
		{A7F7C110-D7F0-49B7-8DDA-FD2D1CC6F3B1}.Debug-MVC3|Any CPU.ActiveCfg = Debug-MVC3|Any CPU
		{A7F7C110-D7F0-49B7-8DDA-FD2D1CC6F3B1}.Debug-MVC3|Any CPU.Build.0 = Debug-MVC3|Any CPU
		{A7F7C110-D7F0-49B7-8DDA-FD2D1CC6F3B1}.Debug-MVC5|Any CPU.ActiveCfg = Debug-MVC5|Any CPU
		{A7F7C110-D7F0-49B7-8DDA-FD2D1CC6F3B1}.Debug-MVC5|Any CPU.Build.0 = Debug-MVC5|Any CPU
		{A7F7C110-D7F0-49B7-8DDA-FD2D1CC6F3B1}.Release|Any CPU.ActiveCfg = Release|Any CPU
		{A7F7C110-D7F0-49B7-8DDA-FD2D1CC6F3B1}.Release|Any CPU.Build.0 = Release|Any CPU
		{A7F7C110-D7F0-49B7-8DDA-FD2D1CC6F3B1}.Release-MVC3|Any CPU.ActiveCfg = Release-MVC3|Any CPU
		{A7F7C110-D7F0-49B7-8DDA-FD2D1CC6F3B1}.Release-MVC3|Any CPU.Build.0 = Release-MVC3|Any CPU
		{A7F7C110-D7F0-49B7-8DDA-FD2D1CC6F3B1}.Release-MVC5|Any CPU.ActiveCfg = Release-MVC5|Any CPU
		{A7F7C110-D7F0-49B7-8DDA-FD2D1CC6F3B1}.Release-MVC5|Any CPU.Build.0 = Release-MVC5|Any CPU
		{AAF30968-1118-4937-B392-E9863EA8D76D}.Debug|Any CPU.ActiveCfg = Debug|Any CPU
		{AAF30968-1118-4937-B392-E9863EA8D76D}.Debug|Any CPU.Build.0 = Debug|Any CPU
		{AAF30968-1118-4937-B392-E9863EA8D76D}.Debug-MVC3|Any CPU.ActiveCfg = Debug|Any CPU
		{AAF30968-1118-4937-B392-E9863EA8D76D}.Debug-MVC3|Any CPU.Build.0 = Debug|Any CPU
		{AAF30968-1118-4937-B392-E9863EA8D76D}.Debug-MVC5|Any CPU.ActiveCfg = Debug|Any CPU
		{AAF30968-1118-4937-B392-E9863EA8D76D}.Debug-MVC5|Any CPU.Build.0 = Debug|Any CPU
		{AAF30968-1118-4937-B392-E9863EA8D76D}.Release|Any CPU.ActiveCfg = Release|Any CPU
		{AAF30968-1118-4937-B392-E9863EA8D76D}.Release|Any CPU.Build.0 = Release|Any CPU
		{AAF30968-1118-4937-B392-E9863EA8D76D}.Release-MVC3|Any CPU.ActiveCfg = Release|Any CPU
		{AAF30968-1118-4937-B392-E9863EA8D76D}.Release-MVC3|Any CPU.Build.0 = Release|Any CPU
		{AAF30968-1118-4937-B392-E9863EA8D76D}.Release-MVC5|Any CPU.ActiveCfg = Release|Any CPU
		{AAF30968-1118-4937-B392-E9863EA8D76D}.Release-MVC5|Any CPU.Build.0 = Release|Any CPU
		{AD6752A8-8DBC-4432-A42C-EB8A6335CA1E}.Debug|Any CPU.ActiveCfg = Debug|Any CPU
		{AD6752A8-8DBC-4432-A42C-EB8A6335CA1E}.Debug|Any CPU.Build.0 = Debug|Any CPU
		{AD6752A8-8DBC-4432-A42C-EB8A6335CA1E}.Debug-MVC3|Any CPU.ActiveCfg = Debug|Any CPU
		{AD6752A8-8DBC-4432-A42C-EB8A6335CA1E}.Debug-MVC3|Any CPU.Build.0 = Debug|Any CPU
		{AD6752A8-8DBC-4432-A42C-EB8A6335CA1E}.Debug-MVC5|Any CPU.ActiveCfg = Debug|Any CPU
		{AD6752A8-8DBC-4432-A42C-EB8A6335CA1E}.Debug-MVC5|Any CPU.Build.0 = Debug|Any CPU
		{AD6752A8-8DBC-4432-A42C-EB8A6335CA1E}.Release|Any CPU.ActiveCfg = Release|Any CPU
		{AD6752A8-8DBC-4432-A42C-EB8A6335CA1E}.Release|Any CPU.Build.0 = Release|Any CPU
		{AD6752A8-8DBC-4432-A42C-EB8A6335CA1E}.Release-MVC3|Any CPU.ActiveCfg = Release|Any CPU
		{AD6752A8-8DBC-4432-A42C-EB8A6335CA1E}.Release-MVC3|Any CPU.Build.0 = Release|Any CPU
		{AD6752A8-8DBC-4432-A42C-EB8A6335CA1E}.Release-MVC5|Any CPU.ActiveCfg = Release|Any CPU
		{AD6752A8-8DBC-4432-A42C-EB8A6335CA1E}.Release-MVC5|Any CPU.Build.0 = Release|Any CPU
		{1FCF4B2D-2224-4617-A901-321B5E437EAE}.Debug|Any CPU.ActiveCfg = Debug|Any CPU
		{1FCF4B2D-2224-4617-A901-321B5E437EAE}.Debug|Any CPU.Build.0 = Debug|Any CPU
		{1FCF4B2D-2224-4617-A901-321B5E437EAE}.Debug-MVC3|Any CPU.ActiveCfg = Debug|Any CPU
		{1FCF4B2D-2224-4617-A901-321B5E437EAE}.Debug-MVC3|Any CPU.Build.0 = Debug|Any CPU
		{1FCF4B2D-2224-4617-A901-321B5E437EAE}.Debug-MVC5|Any CPU.ActiveCfg = Debug|Any CPU
		{1FCF4B2D-2224-4617-A901-321B5E437EAE}.Debug-MVC5|Any CPU.Build.0 = Debug|Any CPU
		{1FCF4B2D-2224-4617-A901-321B5E437EAE}.Release|Any CPU.ActiveCfg = Release|Any CPU
		{1FCF4B2D-2224-4617-A901-321B5E437EAE}.Release|Any CPU.Build.0 = Release|Any CPU
		{1FCF4B2D-2224-4617-A901-321B5E437EAE}.Release-MVC3|Any CPU.ActiveCfg = Release|Any CPU
		{1FCF4B2D-2224-4617-A901-321B5E437EAE}.Release-MVC3|Any CPU.Build.0 = Release|Any CPU
		{1FCF4B2D-2224-4617-A901-321B5E437EAE}.Release-MVC5|Any CPU.ActiveCfg = Release|Any CPU
		{1FCF4B2D-2224-4617-A901-321B5E437EAE}.Release-MVC5|Any CPU.Build.0 = Release|Any CPU
	EndGlobalSection
	GlobalSection(SolutionProperties) = preSolution
		HideSolutionNode = FALSE
	EndGlobalSection
	GlobalSection(NestedProjects) = preSolution
		{D1A46CA8-C2E2-4A45-9C35-0DE45AA1D514} = {C92452BF-1FD0-4795-B695-2C096B6D3D75}
		{F89C4922-0AC9-440A-8FAA-BEC674638314} = {C92452BF-1FD0-4795-B695-2C096B6D3D75}
		{A7F7C110-D7F0-49B7-8DDA-FD2D1CC6F3B1} = {FE5ECC16-FE06-4ABB-B9FB-27F5BB68F19B}
		{AAF30968-1118-4937-B392-E9863EA8D76D} = {C92452BF-1FD0-4795-B695-2C096B6D3D75}
	EndGlobalSection
EndGlobal
